
Microsoft Visual Studio Solution File, Format Version 12.00
# Visual Studio Version 17
VisualStudioVersion = 17.0.31903.59
MinimumVisualStudioVersion = 10.0.40219.1
Project("{2150E333-8FDC-42A3-9474-1A3956D46DE8}") = "Backend", "Backend", "{1AE8ACA6-933B-BF2A-3671-3E2EAC007D16}"
EndProject
Project("{2150E333-8FDC-42A3-9474-1A3956D46DE8}") = "Plans", "Plans", "{9C8E99A0-2B68-43F6-8C40-1F7924F4E605}"
	ProjectSection(SolutionItems) = preProject
		plans\TAX_EXPENSE_TRACKER_PLAN.md = plans\TAX_EXPENSE_TRACKER_PLAN.md
		plans\WORK_FROM_HOME_PLAN.md = plans\WORK_FROM_HOME_PLAN.md
		plans\skills\README.md = plans\skills\README.md
		plans\skills\azure-deployment\SKILL.md = plans\skills\azure-deployment\SKILL.md
		plans\skills\backend\SKILL.md = plans\skills\backend\SKILL.md
		plans\skills\frontend\SKILL.md = plans\skills\frontend\SKILL.md
	EndProjectSection
EndProject
Project("{FAE04EC0-301F-11D3-BF4B-00C04F79EFBC}") = "TaxExpenseTracker.Api", "Backend\TaxExpenseTracker.Api\TaxExpenseTracker.Api.csproj", "{E1E21128-728E-4854-BF25-F7C887C08B18}"
EndProject
Project("{FAE04EC0-301F-11D3-BF4B-00C04F79EFBC}") = "TaxExpenseTracker.Domain", "Backend\TaxExpenseTracker.Domain\TaxExpenseTracker.Domain.csproj", "{AE1DF81F-5890-49C9-B9E4-08D4D1660E8A}"
EndProject
Project("{FAE04EC0-301F-11D3-BF4B-00C04F79EFBC}") = "TaxExpenseTracker.Application", "Backend\TaxExpenseTracker.Application\TaxExpenseTracker.Application.csproj", "{7A1F70DD-D958-43CB-8076-9A05795D1C88}"
EndProject
Project("{FAE04EC0-301F-11D3-BF4B-00C04F79EFBC}") = "TaxExpenseTracker.Infrastructure", "Backend\TaxExpenseTracker.Infrastructure\TaxExpenseTracker.Infrastructure.csproj", "{D1B2B0EB-EE53-4922-A96E-F14C607D9ACB}"
EndProject
Project("{FAE04EC0-301F-11D3-BF4B-00C04F79EFBC}") = "TaxExpenseTracker.Tests.Unit", "Backend\TaxExpenseTracker.Tests.Unit\TaxExpenseTracker.Tests.Unit.csproj", "{168E3DA1-5894-4EEE-88C2-45A6F742E911}"
EndProject
Project("{FAE04EC0-301F-11D3-BF4B-00C04F79EFBC}") = "TaxExpenseTracker.Tests.Integration", "Backend\TaxExpenseTracker.Tests.Integration\TaxExpenseTracker.Tests.Integration.csproj", "{23F098A1-9706-4441-8DCA-3D1B8C6C98D2}"
EndProject
Global
	GlobalSection(SolutionConfigurationPlatforms) = preSolution
		Debug|Any CPU = Debug|Any CPU
		Debug|x64 = Debug|x64
		Debug|x86 = Debug|x86
		Release|Any CPU = Release|Any CPU
		Release|x64 = Release|x64
		Release|x86 = Release|x86
	EndGlobalSection
	GlobalSection(ProjectConfigurationPlatforms) = postSolution
		{E1E21128-728E-4854-BF25-F7C887C08B18}.Debug|Any CPU.ActiveCfg = Debug|Any CPU
		{E1E21128-728E-4854-BF25-F7C887C08B18}.Debug|Any CPU.Build.0 = Debug|Any CPU
		{E1E21128-728E-4854-BF25-F7C887C08B18}.Debug|x64.ActiveCfg = Debug|Any CPU
		{E1E21128-728E-4854-BF25-F7C887C08B18}.Debug|x64.Build.0 = Debug|Any CPU
		{E1E21128-728E-4854-BF25-F7C887C08B18}.Debug|x86.ActiveCfg = Debug|Any CPU
		{E1E21128-728E-4854-BF25-F7C887C08B18}.Debug|x86.Build.0 = Debug|Any CPU
		{E1E21128-728E-4854-BF25-F7C887C08B18}.Release|Any CPU.ActiveCfg = Release|Any CPU
		{E1E21128-728E-4854-BF25-F7C887C08B18}.Release|Any CPU.Build.0 = Release|Any CPU
		{E1E21128-728E-4854-BF25-F7C887C08B18}.Release|x64.ActiveCfg = Release|Any CPU
		{E1E21128-728E-4854-BF25-F7C887C08B18}.Release|x64.Build.0 = Release|Any CPU
		{E1E21128-728E-4854-BF25-F7C887C08B18}.Release|x86.ActiveCfg = Release|Any CPU
		{E1E21128-728E-4854-BF25-F7C887C08B18}.Release|x86.Build.0 = Release|Any CPU
		{AE1DF81F-5890-49C9-B9E4-08D4D1660E8A}.Debug|Any CPU.ActiveCfg = Debug|Any CPU
		{AE1DF81F-5890-49C9-B9E4-08D4D1660E8A}.Debug|Any CPU.Build.0 = Debug|Any CPU
		{AE1DF81F-5890-49C9-B9E4-08D4D1660E8A}.Debug|x64.ActiveCfg = Debug|Any CPU
		{AE1DF81F-5890-49C9-B9E4-08D4D1660E8A}.Debug|x64.Build.0 = Debug|Any CPU
		{AE1DF81F-5890-49C9-B9E4-08D4D1660E8A}.Debug|x86.ActiveCfg = Debug|Any CPU
		{AE1DF81F-5890-49C9-B9E4-08D4D1660E8A}.Debug|x86.Build.0 = Debug|Any CPU
		{AE1DF81F-5890-49C9-B9E4-08D4D1660E8A}.Release|Any CPU.ActiveCfg = Release|Any CPU
		{AE1DF81F-5890-49C9-B9E4-08D4D1660E8A}.Release|Any CPU.Build.0 = Release|Any CPU
		{AE1DF81F-5890-49C9-B9E4-08D4D1660E8A}.Release|x64.ActiveCfg = Release|Any CPU
		{AE1DF81F-5890-49C9-B9E4-08D4D1660E8A}.Release|x64.Build.0 = Release|Any CPU
		{AE1DF81F-5890-49C9-B9E4-08D4D1660E8A}.Release|x86.ActiveCfg = Release|Any CPU
		{AE1DF81F-5890-49C9-B9E4-08D4D1660E8A}.Release|x86.Build.0 = Release|Any CPU
		{7A1F70DD-D958-43CB-8076-9A05795D1C88}.Debug|Any CPU.ActiveCfg = Debug|Any CPU
		{7A1F70DD-D958-43CB-8076-9A05795D1C88}.Debug|Any CPU.Build.0 = Debug|Any CPU
		{7A1F70DD-D958-43CB-8076-9A05795D1C88}.Debug|x64.ActiveCfg = Debug|Any CPU
		{7A1F70DD-D958-43CB-8076-9A05795D1C88}.Debug|x64.Build.0 = Debug|Any CPU
		{7A1F70DD-D958-43CB-8076-9A05795D1C88}.Debug|x86.ActiveCfg = Debug|Any CPU
		{7A1F70DD-D958-43CB-8076-9A05795D1C88}.Debug|x86.Build.0 = Debug|Any CPU
		{7A1F70DD-D958-43CB-8076-9A05795D1C88}.Release|Any CPU.ActiveCfg = Release|Any CPU
		{7A1F70DD-D958-43CB-8076-9A05795D1C88}.Release|Any CPU.Build.0 = Release|Any CPU
		{7A1F70DD-D958-43CB-8076-9A05795D1C88}.Release|x64.ActiveCfg = Release|Any CPU
		{7A1F70DD-D958-43CB-8076-9A05795D1C88}.Release|x64.Build.0 = Release|Any CPU
		{7A1F70DD-D958-43CB-8076-9A05795D1C88}.Release|x86.ActiveCfg = Release|Any CPU
		{7A1F70DD-D958-43CB-8076-9A05795D1C88}.Release|x86.Build.0 = Release|Any CPU
		{D1B2B0EB-EE53-4922-A96E-F14C607D9ACB}.Debug|Any CPU.ActiveCfg = Debug|Any CPU
		{D1B2B0EB-EE53-4922-A96E-F14C607D9ACB}.Debug|Any CPU.Build.0 = Debug|Any CPU
		{D1B2B0EB-EE53-4922-A96E-F14C607D9ACB}.Debug|x64.ActiveCfg = Debug|Any CPU
		{D1B2B0EB-EE53-4922-A96E-F14C607D9ACB}.Debug|x64.Build.0 = Debug|Any CPU
		{D1B2B0EB-EE53-4922-A96E-F14C607D9ACB}.Debug|x86.ActiveCfg = Debug|Any CPU
		{D1B2B0EB-EE53-4922-A96E-F14C607D9ACB}.Debug|x86.Build.0 = Debug|Any CPU
		{D1B2B0EB-EE53-4922-A96E-F14C607D9ACB}.Release|Any CPU.ActiveCfg = Release|Any CPU
		{D1B2B0EB-EE53-4922-A96E-F14C607D9ACB}.Release|Any CPU.Build.0 = Release|Any CPU
		{D1B2B0EB-EE53-4922-A96E-F14C607D9ACB}.Release|x64.ActiveCfg = Release|Any CPU
		{D1B2B0EB-EE53-4922-A96E-F14C607D9ACB}.Release|x64.Build.0 = Release|Any CPU
		{D1B2B0EB-EE53-4922-A96E-F14C607D9ACB}.Release|x86.ActiveCfg = Release|Any CPU
		{D1B2B0EB-EE53-4922-A96E-F14C607D9ACB}.Release|x86.Build.0 = Release|Any CPU
		{168E3DA1-5894-4EEE-88C2-45A6F742E911}.Debug|Any CPU.ActiveCfg = Debug|Any CPU
		{168E3DA1-5894-4EEE-88C2-45A6F742E911}.Debug|Any CPU.Build.0 = Debug|Any CPU
		{168E3DA1-5894-4EEE-88C2-45A6F742E911}.Debug|x64.ActiveCfg = Debug|Any CPU
		{168E3DA1-5894-4EEE-88C2-45A6F742E911}.Debug|x64.Build.0 = Debug|Any CPU
		{168E3DA1-5894-4EEE-88C2-45A6F742E911}.Debug|x86.ActiveCfg = Debug|Any CPU
		{168E3DA1-5894-4EEE-88C2-45A6F742E911}.Debug|x86.Build.0 = Debug|Any CPU
		{168E3DA1-5894-4EEE-88C2-45A6F742E911}.Release|Any CPU.ActiveCfg = Release|Any CPU
		{168E3DA1-5894-4EEE-88C2-45A6F742E911}.Release|Any CPU.Build.0 = Release|Any CPU
		{168E3DA1-5894-4EEE-88C2-45A6F742E911}.Release|x64.ActiveCfg = Release|Any CPU
		{168E3DA1-5894-4EEE-88C2-45A6F742E911}.Release|x64.Build.0 = Release|Any CPU
		{168E3DA1-5894-4EEE-88C2-45A6F742E911}.Release|x86.ActiveCfg = Release|Any CPU
		{168E3DA1-5894-4EEE-88C2-45A6F742E911}.Release|x86.Build.0 = Release|Any CPU
		{23F098A1-9706-4441-8DCA-3D1B8C6C98D2}.Debug|Any CPU.ActiveCfg = Debug|Any CPU
		{23F098A1-9706-4441-8DCA-3D1B8C6C98D2}.Debug|Any CPU.Build.0 = Debug|Any CPU
		{23F098A1-9706-4441-8DCA-3D1B8C6C98D2}.Debug|x64.ActiveCfg = Debug|Any CPU
		{23F098A1-9706-4441-8DCA-3D1B8C6C98D2}.Debug|x64.Build.0 = Debug|Any CPU
		{23F098A1-9706-4441-8DCA-3D1B8C6C98D2}.Debug|x86.ActiveCfg = Debug|Any CPU
		{23F098A1-9706-4441-8DCA-3D1B8C6C98D2}.Debug|x86.Build.0 = Debug|Any CPU
		{23F098A1-9706-4441-8DCA-3D1B8C6C98D2}.Release|Any CPU.ActiveCfg = Release|Any CPU
		{23F098A1-9706-4441-8DCA-3D1B8C6C98D2}.Release|Any CPU.Build.0 = Release|Any CPU
		{23F098A1-9706-4441-8DCA-3D1B8C6C98D2}.Release|x64.ActiveCfg = Release|Any CPU
		{23F098A1-9706-4441-8DCA-3D1B8C6C98D2}.Release|x64.Build.0 = Release|Any CPU
		{23F098A1-9706-4441-8DCA-3D1B8C6C98D2}.Release|x86.ActiveCfg = Release|Any CPU
		{23F098A1-9706-4441-8DCA-3D1B8C6C98D2}.Release|x86.Build.0 = Release|Any CPU
	EndGlobalSection
	GlobalSection(SolutionProperties) = preSolution
		HideSolutionNode = FALSE
	EndGlobalSection
	GlobalSection(NestedProjects) = preSolution
		{E1E21128-728E-4854-BF25-F7C887C08B18} = {1AE8ACA6-933B-BF2A-3671-3E2EAC007D16}
		{AE1DF81F-5890-49C9-B9E4-08D4D1660E8A} = {1AE8ACA6-933B-BF2A-3671-3E2EAC007D16}
		{7A1F70DD-D958-43CB-8076-9A05795D1C88} = {1AE8ACA6-933B-BF2A-3671-3E2EAC007D16}
		{D1B2B0EB-EE53-4922-A96E-F14C607D9ACB} = {1AE8ACA6-933B-BF2A-3671-3E2EAC007D16}
		{168E3DA1-5894-4EEE-88C2-45A6F742E911} = {1AE8ACA6-933B-BF2A-3671-3E2EAC007D16}
		{23F098A1-9706-4441-8DCA-3D1B8C6C98D2} = {1AE8ACA6-933B-BF2A-3671-3E2EAC007D16}
	EndGlobalSection
EndGlobal
